lockfileVersion: 5.4

specifiers:
  '@types/nodemailer': ^6.4.6
  dotenv: ^16.0.3
  nodemailer: ^6.8.0

dependencies:
  dotenv: 16.0.3
  nodemailer: 6.8.0

devDependencies:
  '@types/nodemailer': 6.4.6

packages:

  /@types/node/18.11.9:
    resolution: {integrity: sha512-CRpX21/kGdzjOpFsZSkcrXMGIBWMGNIHXXBVFSH+ggkftxg+XYP20TESbh+zFvFj3EQOl5byk0HTRn1IL6hbqg==}
    dev: true

  /@types/nodemailer/6.4.6:
    resolution: {integrity: sha512-pD6fL5GQtUKvD2WnPmg5bC2e8kWCAPDwMPmHe/ohQbW+Dy0EcHgZ2oCSuPlWNqk74LS5BVMig1SymQbFMPPK3w==}
    dependencies:
      '@types/node': 18.11.9
    dev: true

  /dotenv/16.0.3:
    resolution: {integrity: sha512-7GO6HghkA5fYG9TYnNxi14/7K9f5occMlp3zXAuSxn7CKCxt9xbNWG7yF8hTCSUchlfWSe3uLmlPfigevRItzQ==}
    engines: {node: '>=12'}
    dev: false

  /nodemailer/6.8.0:
    resolution: {integrity: sha512-EjYvSmHzekz6VNkNd12aUqAco+bOkRe3Of5jVhltqKhEsjw/y0PYPJfp83+s9Wzh1dspYAkUW/YNQ350NATbSQ==}
    engines: {node: '>=6.0.0'}
    dev: false
